
Microsoft Visual Studio Solution File, Format Version 11.00
# Visual Studio 2010
Project("{FAE04EC0-301F-11D3-BF4B-00C04F79EFBC}") = "Assembly-CSharp", "Assembly-CSharp.csproj", "{46431CAC-ACEE-DB8F-EB59-DE60A38AF329}"
EndProject
Project("{FAE04EC0-301F-11D3-BF4B-00C04F79EFBC}") = "Assembly-CSharp-firstpass", "Assembly-CSharp-firstpass.csproj", "{AE4A6021-0DA6-643B-B4EA-E2214B989E9D}"
EndProject
Project("{FAE04EC0-301F-11D3-BF4B-00C04F79EFBC}") = "Assembly-CSharp-Editor-firstpass", "Assembly-CSharp-Editor-firstpass.csproj", "{041C8192-DD96-99F0-E3B6-F41EEAD26724}"
EndProject
Global
	GlobalSection(SolutionConfigurationPlatforms) = preSolution
		Debug|Any CPU = Debug|Any CPU
		Release|Any CPU = Release|Any CPU
	EndGlobalSection
	GlobalSection(ProjectConfigurationPlatforms) = postSolution
		{46431CAC-ACEE-DB8F-EB59-DE60A38AF329}.Debug|Any CPU.ActiveCfg = Debug|Any CPU
		{46431CAC-ACEE-DB8F-EB59-DE60A38AF329}.Debug|Any CPU.Build.0 = Debug|Any CPU
		{46431CAC-ACEE-DB8F-EB59-DE60A38AF329}.Release|Any CPU.ActiveCfg = Release|Any CPU
		{46431CAC-ACEE-DB8F-EB59-DE60A38AF329}.Release|Any CPU.Build.0 = Release|Any CPU
		{AE4A6021-0DA6-643B-B4EA-E2214B989E9D}.Debug|Any CPU.ActiveCfg = Debug|Any CPU
		{AE4A6021-0DA6-643B-B4EA-E2214B989E9D}.Debug|Any CPU.Build.0 = Debug|Any CPU
		{AE4A6021-0DA6-643B-B4EA-E2214B989E9D}.Release|Any CPU.ActiveCfg = Release|Any CPU
		{AE4A6021-0DA6-643B-B4EA-E2214B989E9D}.Release|Any CPU.Build.0 = Release|Any CPU
		{041C8192-DD96-99F0-E3B6-F41EEAD26724}.Debug|Any CPU.ActiveCfg = Debug|Any CPU
		{041C8192-DD96-99F0-E3B6-F41EEAD26724}.Debug|Any CPU.Build.0 = Debug|Any CPU
		{041C8192-DD96-99F0-E3B6-F41EEAD26724}.Release|Any CPU.ActiveCfg = Release|Any CPU
		{041C8192-DD96-99F0-E3B6-F41EEAD26724}.Release|Any CPU.Build.0 = Release|Any CPU
	EndGlobalSection
	GlobalSection(SolutionProperties) = preSolution
		HideSolutionNode = FALSE
	EndGlobalSection
	GlobalSection(MonoDevelopProperties) = preSolution
		StartupItem = Assembly-CSharp.csproj
	EndGlobalSection
EndGlobal
