
Microsoft Visual Studio Solution File, Format Version 11.00
# Visual Studio 2010
Project("{FAE04EC0-301F-11D3-BF4B-00C04F79EFBC}") = "Assembly-CSharp", "Assembly-CSharp.csproj", "{0A6E50A4-E428-BAB8-30CD-A462DB0C6EBC}"
EndProject
Project("{FAE04EC0-301F-11D3-BF4B-00C04F79EFBC}") = "Assembly-CSharp-firstpass", "Assembly-CSharp-firstpass.csproj", "{ED45ADFD-8F2B-9A1A-48E7-0583CFF278FC}"
EndProject
Project("{FAE04EC0-301F-11D3-BF4B-00C04F79EFBC}") = "Assembly-CSharp-Editor-firstpass", "Assembly-CSharp-Editor-firstpass.csproj", "{224115CF-FDE5-1304-1E45-F5F0F6FBF1CA}"
EndProject
Global
	GlobalSection(SolutionConfigurationPlatforms) = preSolution
		Debug|Any CPU = Debug|Any CPU
		Release|Any CPU = Release|Any CPU
	EndGlobalSection
	GlobalSection(ProjectConfigurationPlatforms) = postSolution
		{0A6E50A4-E428-BAB8-30CD-A462DB0C6EBC}.Debug|Any CPU.ActiveCfg = Debug|Any CPU
		{0A6E50A4-E428-BAB8-30CD-A462DB0C6EBC}.Debug|Any CPU.Build.0 = Debug|Any CPU
		{0A6E50A4-E428-BAB8-30CD-A462DB0C6EBC}.Release|Any CPU.ActiveCfg = Release|Any CPU
		{0A6E50A4-E428-BAB8-30CD-A462DB0C6EBC}.Release|Any CPU.Build.0 = Release|Any CPU
		{ED45ADFD-8F2B-9A1A-48E7-0583CFF278FC}.Debug|Any CPU.ActiveCfg = Debug|Any CPU
		{ED45ADFD-8F2B-9A1A-48E7-0583CFF278FC}.Debug|Any CPU.Build.0 = Debug|Any CPU
		{ED45ADFD-8F2B-9A1A-48E7-0583CFF278FC}.Release|Any CPU.ActiveCfg = Release|Any CPU
		{ED45ADFD-8F2B-9A1A-48E7-0583CFF278FC}.Release|Any CPU.Build.0 = Release|Any CPU
		{224115CF-FDE5-1304-1E45-F5F0F6FBF1CA}.Debug|Any CPU.ActiveCfg = Debug|Any CPU
		{224115CF-FDE5-1304-1E45-F5F0F6FBF1CA}.Debug|Any CPU.Build.0 = Debug|Any CPU
		{224115CF-FDE5-1304-1E45-F5F0F6FBF1CA}.Release|Any CPU.ActiveCfg = Release|Any CPU
		{224115CF-FDE5-1304-1E45-F5F0F6FBF1CA}.Release|Any CPU.Build.0 = Release|Any CPU
	EndGlobalSection
	GlobalSection(SolutionProperties) = preSolution
		HideSolutionNode = FALSE
	EndGlobalSection
	GlobalSection(MonoDevelopProperties) = preSolution
		StartupItem = Assembly-CSharp.csproj
	EndGlobalSection
EndGlobal
